
Microsoft Visual Studio Solution File, Format Version 12.00
# Visual Studio Version 17
VisualStudioVersion = 17.6.33723.286
MinimumVisualStudioVersion = 10.0.40219.1
Project("{FAE04EC0-301F-11D3-BF4B-00C04F79EFBC}") = "Portafolio", "Portafolio\Portafolio.csproj", "{AEE836B4-F1C0-46EC-BE1B-2E0108033F63}"
EndProject
Global
	GlobalSection(SolutionConfigurationPlatforms) = preSolution
		Debug|Any CPU = Debug|Any CPU
		Release|Any CPU = Release|Any CPU
	EndGlobalSection
	GlobalSection(ProjectConfigurationPlatforms) = postSolution
		{AEE836B4-F1C0-46EC-BE1B-2E0108033F63}.Debug|Any CPU.ActiveCfg = Debug|Any CPU
		{AEE836B4-F1C0-46EC-BE1B-2E0108033F63}.Debug|Any CPU.Build.0 = Debug|Any CPU
		{AEE836B4-F1C0-46EC-BE1B-2E0108033F63}.Release|Any CPU.ActiveCfg = Release|Any CPU
		{AEE836B4-F1C0-46EC-BE1B-2E0108033F63}.Release|Any CPU.Build.0 = Release|Any CPU
	EndGlobalSection
	GlobalSection(SolutionProperties) = preSolution
		HideSolutionNode = FALSE
	EndGlobalSection
	GlobalSection(ExtensibilityGlobals) = postSolution
		SolutionGuid = {EB11E069-1974-4ADA-B8AA-452DF86F2CD8}
	EndGlobalSection
EndGlobal
